
Microsoft Visual Studio Solution File, Format Version 12.00
# Visual Studio Version 16
VisualStudioVersion = 16.0.29806.167
MinimumVisualStudioVersion = 10.0.40219.1
Project("{FAE04EC0-301F-11D3-BF4B-00C04F79EFBC}") = "PT_lab9", "PT_lab9\PT_lab9.csproj", "{D6AA07D8-5E3A-4528-95E2-3EEDBB757883}"
EndProject
Global
	GlobalSection(SolutionConfigurationPlatforms) = preSolution
		Debug|Any CPU = Debug|Any CPU
		Release|Any CPU = Release|Any CPU
	EndGlobalSection
	GlobalSection(ProjectConfigurationPlatforms) = postSolution
		{D6AA07D8-5E3A-4528-95E2-3EEDBB757883}.Debug|Any CPU.ActiveCfg = Debug|Any CPU
		{D6AA07D8-5E3A-4528-95E2-3EEDBB757883}.Debug|Any CPU.Build.0 = Debug|Any CPU
		{D6AA07D8-5E3A-4528-95E2-3EEDBB757883}.Release|Any CPU.ActiveCfg = Release|Any CPU
		{D6AA07D8-5E3A-4528-95E2-3EEDBB757883}.Release|Any CPU.Build.0 = Release|Any CPU
	EndGlobalSection
	GlobalSection(SolutionProperties) = preSolution
		HideSolutionNode = FALSE
	EndGlobalSection
	GlobalSection(ExtensibilityGlobals) = postSolution
		SolutionGuid = {42A52297-04D5-44EB-9B0D-A8218B8C104A}
	EndGlobalSection
EndGlobal
